// !$*UTF8*$!
{
	archiveVersion = 1;
	classes = {
	};
	objectVersion = 54;
	objects = {

/* Begin PBXBuildFile section */
		00E356F31AD99517003FC87E /* coffeeTests.m in Sources */ = {isa = PBXBuildFile; fileRef = 00E356F21AD99517003FC87E /* coffeeTests.m */; };
		0C80B921A6F3F58F76C31292 /* libPods-coffee.a in Frameworks */ = {isa = PBXBuildFile; fileRef = 5DCACB8F33CDC322A6C60F78 /* libPods-coffee.a */; };
		13B07FBC1A68108700A75B9A /* AppDelegate.mm in Sources */ = {isa = PBXBuildFile; fileRef = 13B07FB01A68108700A75B9A /* AppDelegate.mm */; };
		13B07FBF1A68108700A75B9A /* Images.xcassets in Resources */ = {isa = PBXBuildFile; fileRef = 13B07FB51A68108700A75B9A /* Images.xcassets */; };
		13B07FC11A68108700A75B9A /* main.m in Sources */ = {isa = PBXBuildFile; fileRef = 13B07FB71A68108700A75B9A /* main.m */; };
		7699B88040F8A987B510C191 /* libPods-coffee-coffeeTests.a in Frameworks */ = {isa = PBXBuildFile; fileRef = 19F6CBCC0A4E27FBF8BF4A61 /* libPods-coffee-coffeeTests.a */; };
		81AB9BB82411601600AC10FF /* LaunchScreen.storyboard in Resources */ = {isa = PBXBuildFile; fileRef = 81AB9BB72411601600AC10FF /* LaunchScreen.storyboard */; };
		E55F9C05E6944AE2ADD264BA /* app_icons.ttf in Resources */ = {isa = PBXBuildFile; fileRef = 0D87D39C235A4825B7D5395B /* app_icons.ttf */; };
		5E250F8865924D648BB91499 /* Poppins-Black.ttf in Resources */ = {isa = PBXBuildFile; fileRef = 68FE6B9E2D8C4674846FCC55 /* Poppins-Black.ttf */; };
		57134167CE7B4F78980164D3 /* Poppins-Bold.ttf in Resources */ = {isa = PBXBuildFile; fileRef = 0CDD66FCB01A45359059F151 /* Poppins-Bold.ttf */; };
		7369F53248074404A720DB6B /* Poppins-ExtraBold.ttf in Resources */ = {isa = PBXBuildFile; fileRef = 63741C330563469C87C6AF9F /* Poppins-ExtraBold.ttf */; };
		92AB8A2063894DA78F8CDB5F /* Poppins-ExtraLight.ttf in Resources */ = {isa = PBXBuildFile; fileRef = 811E01F271CF4095AAA1150E /* Poppins-ExtraLight.ttf */; };
		84935D2B2E4C4BA9B1EBF8A0 /* Poppins-Light.ttf in Resources */ = {isa = PBXBuildFile; fileRef = 5FAF8C2506B04425B70707A2 /* Poppins-Light.ttf */; };
		9E50A5B9AE304934A15FF547 /* Poppins-Medium.ttf in Resources */ = {isa = PBXBuildFile; fileRef = 2158502977A84B4CA28EDB8D /* Poppins-Medium.ttf */; };
		EFFA7C0777D840F598CFA192 /* Poppins-Regular.ttf in Resources */ = {isa = PBXBuildFile; fileRef = AB8CE4BFA1024B67BA47B84D /* Poppins-Regular.ttf */; };
		C0B01E747CC5450A82D7A3FB /* Poppins-SemiBold.ttf in Resources */ = {isa = PBXBuildFile; fileRef = 1AF618F2F9674FF3BB61E1F4 /* Poppins-SemiBold.ttf */; };
		68A58154A0F74F96A2153CB0 /* Poppins-Thin.ttf in Resources */ = {isa = PBXBuildFile; fileRef = 1D9C430AA7B3499998684289 /* Poppins-Thin.ttf */; };
		30128FAE20284D7EB2E6C9AF /* amazonpay.png in Resources */ = {isa = PBXBuildFile; fileRef = 1E554FD476E94E7DAD6DD031 /* amazonpay.png */; };
		C163F1A00C874286940FD940 /* applepay.png in Resources */ = {isa = PBXBuildFile; fileRef = 31437C7176E84B7B8CE11F97 /* applepay.png */; };
		696A2674FD794C4F858D92F5 /* avatar.png in Resources */ = {isa = PBXBuildFile; fileRef = D4900261EC4840F3A4E4BF76 /* avatar.png */; };
		A0B42D8339F14B8B93361D05 /* gpay.png in Resources */ = {isa = PBXBuildFile; fileRef = 7B1D1567133C4548B24B2328 /* gpay.png */; };
		866C9FDD0E78440890C22599 /* americano_pic_1_portrait.png in Resources */ = {isa = PBXBuildFile; fileRef = E77AC6F41F11411FABC3275F /* americano_pic_1_portrait.png */; };
		E1F6BC8E252749A79EE55999 /* americano_pic_2_portrait.png in Resources */ = {isa = PBXBuildFile; fileRef = 67D5B3D626CD4001A4E2363F /* americano_pic_2_portrait.png */; };
		C46771F608DC4638800AD201 /* americano_pic_3_portrait.png in Resources */ = {isa = PBXBuildFile; fileRef = 9A786E3EFF8142A4952BB96A /* americano_pic_3_portrait.png */; };
		1821852A8D0B47229AEB0930 /* americano_pic_1_square.png in Resources */ = {isa = PBXBuildFile; fileRef = CAF73CBB73E541C68ACFABCE /* americano_pic_1_square.png */; };
		CB789D4888C64192B23F290E /* americano_pic_2_square.png in Resources */ = {isa = PBXBuildFile; fileRef = D3CA0ADDFD14445A9A83D5CA /* americano_pic_2_square.png */; };
		AA55256433EB4FF19BD6A4B3 /* americano_pic_3_square.png in Resources */ = {isa = PBXBuildFile; fileRef = 6EED6F6A5BCD4BF4A65C967F /* americano_pic_3_square.png */; };
		FA234CDD40B54463AB664577 /* arabica_coffee_beans_portrait.png in Resources */ = {isa = PBXBuildFile; fileRef = C52D1539A3014CAC8BD1111B /* arabica_coffee_beans_portrait.png */; };
		0A6E588592E74776B34F494F /* arabica_coffee_beans_square.png in Resources */ = {isa = PBXBuildFile; fileRef = 99EDAC4119A646D7A8259059 /* arabica_coffee_beans_square.png */; };
		ABE2D2A2171E41B081775E05 /* black_coffee_pic_1_portrait.png in Resources */ = {isa = PBXBuildFile; fileRef = 9FF4122A36C04920BEAC1025 /* black_coffee_pic_1_portrait.png */; };
		05D966195F474E9BB2127646 /* black_coffee_pic_2_portrait.png in Resources */ = {isa = PBXBuildFile; fileRef = 869191B851FB4E6E97E08FA1 /* black_coffee_pic_2_portrait.png */; };
		8BE8AA91BA11496B9E449669 /* black_coffee_pic_3_portrait.png in Resources */ = {isa = PBXBuildFile; fileRef = 8243DD9C52AD4B9F9A5E0942 /* black_coffee_pic_3_portrait.png */; };
		E1DDE39FA1B84F678355EA81 /* black_coffee_pic_1_square.png in Resources */ = {isa = PBXBuildFile; fileRef = 419A776145DB49A88B0F6760 /* black_coffee_pic_1_square.png */; };
		601F5EF3E593455996FAF3C0 /* black_coffee_pic_2_square.png in Resources */ = {isa = PBXBuildFile; fileRef = 1C88CCADF45648EC904A34B5 /* black_coffee_pic_2_square.png */; };
		324618EF857649718E475657 /* black_coffee_pic_3_square.png in Resources */ = {isa = PBXBuildFile; fileRef = 0AF4A12319394B9CBFC219C8 /* black_coffee_pic_3_square.png */; };
		8CFF384F12474B778046C76A /* cappuccino_pic_1_portrait.png in Resources */ = {isa = PBXBuildFile; fileRef = 5811715821B848F3B3F1C264 /* cappuccino_pic_1_portrait.png */; };
		8CED546B74A34D1089FFDE1B /* cappuccino_pic_2_portrait.png in Resources */ = {isa = PBXBuildFile; fileRef = 95522DB8993642C79F60E0A9 /* cappuccino_pic_2_portrait.png */; };
		ADE2699CE9C44A59964DDC4E /* cappuccino_pic_3_portrait.png in Resources */ = {isa = PBXBuildFile; fileRef = 135CA3A973E648FDA4C49953 /* cappuccino_pic_3_portrait.png */; };
		57239E02B76B4AEDBF34DC33 /* cappuccino_pic_1_square.png in Resources */ = {isa = PBXBuildFile; fileRef = 8696046413CF4967917767F6 /* cappuccino_pic_1_square.png */; };
		2BE9877ECBCD448FBF832C1D /* cappuccino_pic_2_square.png in Resources */ = {isa = PBXBuildFile; fileRef = 93D65079ABC046DCA291EC48 /* cappuccino_pic_2_square.png */; };
		A3360019E6034045AA213B78 /* cappuccino_pic_3_square.png in Resources */ = {isa = PBXBuildFile; fileRef = 7DB5A112BBB6443B9542D431 /* cappuccino_pic_3_square.png */; };
		C0FEAECAA4EE4686AA0E475F /* espresso_pic_1_portrait.png in Resources */ = {isa = PBXBuildFile; fileRef = 786D83CFB2A8496BAAB168B7 /* espresso_pic_1_portrait.png */; };
		6F5B289203074767956DF4D0 /* espresso_pic_2_portrait.png in Resources */ = {isa = PBXBuildFile; fileRef = 66D9F2F5C60D4E3EB4106E19 /* espresso_pic_2_portrait.png */; };
		D6D4A06D477C4D68BA150DE1 /* espresso_pic_3_portrait.png in Resources */ = {isa = PBXBuildFile; fileRef = FAC53F32C0C44B218E2501BF /* espresso_pic_3_portrait.png */; };
		A5ECC6B3A32741A0AA76558C /* espresso_pic_1_square.png in Resources */ = {isa = PBXBuildFile; fileRef = 6C724C482E174FDAA803C107 /* espresso_pic_1_square.png */; };
		5BF31FB96AAE449592F67C0A /* espresso_pic_2_square.png in Resources */ = {isa = PBXBuildFile; fileRef = 130FE187E2C742499BC0D7EC /* espresso_pic_2_square.png */; };
		FECFA01EA1FF412C8FFC0CCB /* espresso_pic_3_square.png in Resources */ = {isa = PBXBuildFile; fileRef = FDE1763B18004C5EA34A3905 /* espresso_pic_3_square.png */; };
		19C1AB316F134BAA906AA837 /* excelsa_coffee_beans_portrait.png in Resources */ = {isa = PBXBuildFile; fileRef = 91CFEC3BD6A643CDA81086C3 /* excelsa_coffee_beans_portrait.png */; };
		376E5B34D4DF46D7B332A66B /* excelsa_coffee_beans_square.png in Resources */ = {isa = PBXBuildFile; fileRef = 22128917EE4949E2BA5006F9 /* excelsa_coffee_beans_square.png */; };
		D2822A1C3ACE43D19703E49F /* latte_pic_1_portrait.png in Resources */ = {isa = PBXBuildFile; fileRef = 44CA594894CF415EAA5FB533 /* latte_pic_1_portrait.png */; };
		09903CA0A1D84644BF318E45 /* latte_pic_2_portrait.png in Resources */ = {isa = PBXBuildFile; fileRef = B1F523509B9A41F490A8EA7F /* latte_pic_2_portrait.png */; };
		DF194B3B3F1942849D3CDC38 /* latte_pic_3_portrait.png in Resources */ = {isa = PBXBuildFile; fileRef = 3F5FF8FD32D7468BB5ACCB7F /* latte_pic_3_portrait.png */; };
		E7500E03E1654EE0990876A6 /* latte_pic_1_square.png in Resources */ = {isa = PBXBuildFile; fileRef = B359E49D5D6E4EE59565479F /* latte_pic_1_square.png */; };
		8B94823F177B4FA894B8E13A /* latte_pic_2_square.png in Resources */ = {isa = PBXBuildFile; fileRef = 80C9BBE70E1645D2A1E2EEB2 /* latte_pic_2_square.png */; };
		52A7B3D7DDD244A2A938DF06 /* latte_pic_3_square.png in Resources */ = {isa = PBXBuildFile; fileRef = 34D32F486B524C98883B55A0 /* latte_pic_3_square.png */; };
		1861685B435143A69C2676DE /* liberica_coffee_beans_portrait.png in Resources */ = {isa = PBXBuildFile; fileRef = 413E024031C740EA97004EF8 /* liberica_coffee_beans_portrait.png */; };
		9F4F92F4C6D64ABFBF1FF2D0 /* liberica_coffee_beans_square.png in Resources */ = {isa = PBXBuildFile; fileRef = EBA5E95050C14E50A8219C88 /* liberica_coffee_beans_square.png */; };
		C8D3611FE52F415296627429 /* macchiato_pic_1_portrait.png in Resources */ = {isa = PBXBuildFile; fileRef = 0A4FE2AB49C4436694D573CB /* macchiato_pic_1_portrait.png */; };
		73110546E40745139A63F637 /* macchiato_pic_2_portrait.png in Resources */ = {isa = PBXBuildFile; fileRef = F0B75E2A744944ECB767009C /* macchiato_pic_2_portrait.png */; };
		C0DEEF2551584B3FA9694682 /* macchiato_pic_3_portrait.png in Resources */ = {isa = PBXBuildFile; fileRef = 6410453B1F3949D2BBB84D83 /* macchiato_pic_3_portrait.png */; };
		2202114C7DCE4F1ABE9E436E /* macchiato_pic_1_square.png in Resources */ = {isa = PBXBuildFile; fileRef = 8EA1EF0854F74BCBB990C0EF /* macchiato_pic_1_square.png */; };
		472B6863AFA3483E936E2ECC /* macchiato_pic_2_square.png in Resources */ = {isa = PBXBuildFile; fileRef = 95054BB312E44FF0A76F1587 /* macchiato_pic_2_square.png */; };
		FF4EF583642741D681DD9FEF /* macchiato_pic_3_square.png in Resources */ = {isa = PBXBuildFile; fileRef = 3DB9AF88CB3F416FB1FD1B07 /* macchiato_pic_3_square.png */; };
		6950B5F00E794CFDA3C86236 /* robusta_coffee_beans_portrait.png in Resources */ = {isa = PBXBuildFile; fileRef = FBBCAEC0A9F74C6EB0E05FA1 /* robusta_coffee_beans_portrait.png */; };
		03E0F055E4AB414E86358FC4 /* robusta_coffee_beans_square.png in Resources */ = {isa = PBXBuildFile; fileRef = 36CBA2A468DA4D298441D0AD /* robusta_coffee_beans_square.png */; };
/* End PBXBuildFile section */

/* Begin PBXContainerItemProxy section */
		00E356F41AD99517003FC87E /* PBXContainerItemProxy */ = {
			isa = PBXContainerItemProxy;
			containerPortal = 83CBB9F71A601CBA00E9B192 /* Project object */;
			proxyType = 1;
			remoteGlobalIDString = 13B07F861A680F5B00A75B9A;
			remoteInfo = coffee;
		};
/* End PBXContainerItemProxy section */

/* Begin PBXFileReference section */
		00E356EE1AD99517003FC87E /* coffeeTests.xctest */ = {isa = PBXFileReference; explicitFileType = wrapper.cfbundle; includeInIndex = 0; path = coffeeTests.xctest; sourceTree = BUILT_PRODUCTS_DIR; };
		00E356F11AD99517003FC87E /* Info.plist */ = {isa = PBXFileReference; lastKnownFileType = text.plist.xml; path = Info.plist; sourceTree = "<group>"; };
		00E356F21AD99517003FC87E /* coffeeTests.m */ = {isa = PBXFileReference; lastKnownFileType = sourcecode.c.objc; path = coffeeTests.m; sourceTree = "<group>"; };
		13B07F961A680F5B00A75B9A /* coffee.app */ = {isa = PBXFileReference; explicitFileType = wrapper.application; includeInIndex = 0; path = coffee.app; sourceTree = BUILT_PRODUCTS_DIR; };
		13B07FAF1A68108700A75B9A /* AppDelegate.h */ = {isa = PBXFileReference; fileEncoding = 4; lastKnownFileType = sourcecode.c.h; name = AppDelegate.h; path = coffee/AppDelegate.h; sourceTree = "<group>"; };
		13B07FB01A68108700A75B9A /* AppDelegate.mm */ = {isa = PBXFileReference; fileEncoding = 4; lastKnownFileType = sourcecode.cpp.objcpp; name = AppDelegate.mm; path = coffee/AppDelegate.mm; sourceTree = "<group>"; };
		13B07FB51A68108700A75B9A /* Images.xcassets */ = {isa = PBXFileReference; lastKnownFileType = folder.assetcatalog; name = Images.xcassets; path = coffee/Images.xcassets; sourceTree = "<group>"; };
		13B07FB61A68108700A75B9A /* Info.plist */ = {isa = PBXFileReference; fileEncoding = 4; lastKnownFileType = text.plist.xml; name = Info.plist; path = coffee/Info.plist; sourceTree = "<group>"; };
		13B07FB71A68108700A75B9A /* main.m */ = {isa = PBXFileReference; fileEncoding = 4; lastKnownFileType = sourcecode.c.objc; name = main.m; path = coffee/main.m; sourceTree = "<group>"; };
		19F6CBCC0A4E27FBF8BF4A61 /* libPods-coffee-coffeeTests.a */ = {isa = PBXFileReference; explicitFileType = archive.ar; includeInIndex = 0; path = "libPods-coffee-coffeeTests.a"; sourceTree = BUILT_PRODUCTS_DIR; };
		3B4392A12AC88292D35C810B /* Pods-coffee.debug.xcconfig */ = {isa = PBXFileReference; includeInIndex = 1; lastKnownFileType = text.xcconfig; name = "Pods-coffee.debug.xcconfig"; path = "Target Support Files/Pods-coffee/Pods-coffee.debug.xcconfig"; sourceTree = "<group>"; };
		5709B34CF0A7D63546082F79 /* Pods-coffee.release.xcconfig */ = {isa = PBXFileReference; includeInIndex = 1; lastKnownFileType = text.xcconfig; name = "Pods-coffee.release.xcconfig"; path = "Target Support Files/Pods-coffee/Pods-coffee.release.xcconfig"; sourceTree = "<group>"; };
		5B7EB9410499542E8C5724F5 /* Pods-coffee-coffeeTests.debug.xcconfig */ = {isa = PBXFileReference; includeInIndex = 1; lastKnownFileType = text.xcconfig; name = "Pods-coffee-coffeeTests.debug.xcconfig"; path = "Target Support Files/Pods-coffee-coffeeTests/Pods-coffee-coffeeTests.debug.xcconfig"; sourceTree = "<group>"; };
		5DCACB8F33CDC322A6C60F78 /* libPods-coffee.a */ = {isa = PBXFileReference; explicitFileType = archive.ar; includeInIndex = 0; path = "libPods-coffee.a"; sourceTree = BUILT_PRODUCTS_DIR; };
		81AB9BB72411601600AC10FF /* LaunchScreen.storyboard */ = {isa = PBXFileReference; fileEncoding = 4; lastKnownFileType = file.storyboard; name = LaunchScreen.storyboard; path = coffee/LaunchScreen.storyboard; sourceTree = "<group>"; };
		89C6BE57DB24E9ADA2F236DE /* Pods-coffee-coffeeTests.release.xcconfig */ = {isa = PBXFileReference; includeInIndex = 1; lastKnownFileType = text.xcconfig; name = "Pods-coffee-coffeeTests.release.xcconfig"; path = "Target Support Files/Pods-coffee-coffeeTests/Pods-coffee-coffeeTests.release.xcconfig"; sourceTree = "<group>"; };
		ED297162215061F000B7C4FE /* JavaScriptCore.framework */ = {isa = PBXFileReference; lastKnownFileType = wrapper.framework; name = JavaScriptCore.framework; path = System/Library/Frameworks/JavaScriptCore.framework; sourceTree = SDKROOT; };
		0D87D39C235A4825B7D5395B /* app_icons.ttf */ = {isa = PBXFileReference; name = "app_icons.ttf"; path = "../src/assets/fonts/app_icons.ttf"; sourceTree = "<group>"; fileEncoding = undefined; lastKnownFileType = unknown; explicitFileType = undefined; includeInIndex = 0; };
		68FE6B9E2D8C4674846FCC55 /* Poppins-Black.ttf */ = {isa = PBXFileReference; name = "Poppins-Black.ttf"; path = "../src/assets/fonts/Poppins-Black.ttf"; sourceTree = "<group>"; fileEncoding = undefined; lastKnownFileType = unknown; explicitFileType = undefined; includeInIndex = 0; };
		0CDD66FCB01A45359059F151 /* Poppins-Bold.ttf */ = {isa = PBXFileReference; name = "Poppins-Bold.ttf"; path = "../src/assets/fonts/Poppins-Bold.ttf"; sourceTree = "<group>"; fileEncoding = undefined; lastKnownFileType = unknown; explicitFileType = undefined; includeInIndex = 0; };
		63741C330563469C87C6AF9F /* Poppins-ExtraBold.ttf */ = {isa = PBXFileReference; name = "Poppins-ExtraBold.ttf"; path = "../src/assets/fonts/Poppins-ExtraBold.ttf"; sourceTree = "<group>"; fileEncoding = undefined; lastKnownFileType = unknown; explicitFileType = undefined; includeInIndex = 0; };
		811E01F271CF4095AAA1150E /* Poppins-ExtraLight.ttf */ = {isa = PBXFileReference; name = "Poppins-ExtraLight.ttf"; path = "../src/assets/fonts/Poppins-ExtraLight.ttf"; sourceTree = "<group>"; fileEncoding = undefined; lastKnownFileType = unknown; explicitFileType = undefined; includeInIndex = 0; };
		5FAF8C2506B04425B70707A2 /* Poppins-Light.ttf */ = {isa = PBXFileReference; name = "Poppins-Light.ttf"; path = "../src/assets/fonts/Poppins-Light.ttf"; sourceTree = "<group>"; fileEncoding = undefined; lastKnownFileType = unknown; explicitFileType = undefined; includeInIndex = 0; };
		2158502977A84B4CA28EDB8D /* Poppins-Medium.ttf */ = {isa = PBXFileReference; name = "Poppins-Medium.ttf"; path = "../src/assets/fonts/Poppins-Medium.ttf"; sourceTree = "<group>"; fileEncoding = undefined; lastKnownFileType = unknown; explicitFileType = undefined; includeInIndex = 0; };
		AB8CE4BFA1024B67BA47B84D /* Poppins-Regular.ttf */ = {isa = PBXFileReference; name = "Poppins-Regular.ttf"; path = "../src/assets/fonts/Poppins-Regular.ttf"; sourceTree = "<group>"; fileEncoding = undefined; lastKnownFileType = unknown; explicitFileType = undefined; includeInIndex = 0; };
		1AF618F2F9674FF3BB61E1F4 /* Poppins-SemiBold.ttf */ = {isa = PBXFileReference; name = "Poppins-SemiBold.ttf"; path = "../src/assets/fonts/Poppins-SemiBold.ttf"; sourceTree = "<group>"; fileEncoding = undefined; lastKnownFileType = unknown; explicitFileType = undefined; includeInIndex = 0; };
		1D9C430AA7B3499998684289 /* Poppins-Thin.ttf */ = {isa = PBXFileReference; name = "Poppins-Thin.ttf"; path = "../src/assets/fonts/Poppins-Thin.ttf"; sourceTree = "<group>"; fileEncoding = undefined; lastKnownFileType = unknown; explicitFileType = undefined; includeInIndex = 0; };
		1E554FD476E94E7DAD6DD031 /* amazonpay.png */ = {isa = PBXFileReference; name = "amazonpay.png"; path = "../src/assets/app_images/amazonpay.png"; sourceTree = "<group>"; fileEncoding = undefined; lastKnownFileType = unknown; explicitFileType = undefined; includeInIndex = 0; };
		31437C7176E84B7B8CE11F97 /* applepay.png */ = {isa = PBXFileReference; name = "applepay.png"; path = "../src/assets/app_images/applepay.png"; sourceTree = "<group>"; fileEncoding = undefined; lastKnownFileType = unknown; explicitFileType = undefined; includeInIndex = 0; };
		D4900261EC4840F3A4E4BF76 /* avatar.png */ = {isa = PBXFileReference; name = "avatar.png"; path = "../src/assets/app_images/avatar.png"; sourceTree = "<group>"; fileEncoding = undefined; lastKnownFileType = unknown; explicitFileType = undefined; includeInIndex = 0; };
		7B1D1567133C4548B24B2328 /* gpay.png */ = {isa = PBXFileReference; name = "gpay.png"; path = "../src/assets/app_images/gpay.png"; sourceTree = "<group>"; fileEncoding = undefined; lastKnownFileType = unknown; explicitFileType = undefined; includeInIndex = 0; };
		E77AC6F41F11411FABC3275F /* americano_pic_1_portrait.png */ = {isa = PBXFileReference; name = "americano_pic_1_portrait.png"; path = "../src/assets/coffee_assets/americano/portrait/americano_pic_1_portrait.png"; sourceTree = "<group>"; fileEncoding = undefined; lastKnownFileType = unknown; explicitFileType = undefined; includeInIndex = 0; };
		67D5B3D626CD4001A4E2363F /* americano_pic_2_portrait.png */ = {isa = PBXFileReference; name = "americano_pic_2_portrait.png"; path = "../src/assets/coffee_assets/americano/portrait/americano_pic_2_portrait.png"; sourceTree = "<group>"; fileEncoding = undefined; lastKnownFileType = unknown; explicitFileType = undefined; includeInIndex = 0; };
		9A786E3EFF8142A4952BB96A /* americano_pic_3_portrait.png */ = {isa = PBXFileReference; name = "americano_pic_3_portrait.png"; path = "../src/assets/coffee_assets/americano/portrait/americano_pic_3_portrait.png"; sourceTree = "<group>"; fileEncoding = undefined; lastKnownFileType = unknown; explicitFileType = undefined; includeInIndex = 0; };
		CAF73CBB73E541C68ACFABCE /* americano_pic_1_square.png */ = {isa = PBXFileReference; name = "americano_pic_1_square.png"; path = "../src/assets/coffee_assets/americano/square/americano_pic_1_square.png"; sourceTree = "<group>"; fileEncoding = undefined; lastKnownFileType = unknown; explicitFileType = undefined; includeInIndex = 0; };
		D3CA0ADDFD14445A9A83D5CA /* americano_pic_2_square.png */ = {isa = PBXFileReference; name = "americano_pic_2_square.png"; path = "../src/assets/coffee_assets/americano/square/americano_pic_2_square.png"; sourceTree = "<group>"; fileEncoding = undefined; lastKnownFileType = unknown; explicitFileType = undefined; includeInIndex = 0; };
		6EED6F6A5BCD4BF4A65C967F /* americano_pic_3_square.png */ = {isa = PBXFileReference; name = "americano_pic_3_square.png"; path = "../src/assets/coffee_assets/americano/square/americano_pic_3_square.png"; sourceTree = "<group>"; fileEncoding = undefined; lastKnownFileType = unknown; explicitFileType = undefined; includeInIndex = 0; };
		C52D1539A3014CAC8BD1111B /* arabica_coffee_beans_portrait.png */ = {isa = PBXFileReference; name = "arabica_coffee_beans_portrait.png"; path = "../src/assets/coffee_assets/arabica_coffee_beans/arabica_coffee_beans_portrait.png"; sourceTree = "<group>"; fileEncoding = undefined; lastKnownFileType = unknown; explicitFileType = undefined; includeInIndex = 0; };
		99EDAC4119A646D7A8259059 /* arabica_coffee_beans_square.png */ = {isa = PBXFileReference; name = "arabica_coffee_beans_square.png"; path = "../src/assets/coffee_assets/arabica_coffee_beans/arabica_coffee_beans_square.png"; sourceTree = "<group>"; fileEncoding = undefined; lastKnownFileType = unknown; explicitFileType = undefined; includeInIndex = 0; };
		9FF4122A36C04920BEAC1025 /* black_coffee_pic_1_portrait.png */ = {isa = PBXFileReference; name = "black_coffee_pic_1_portrait.png"; path = "../src/assets/coffee_assets/black_coffee/portrait/black_coffee_pic_1_portrait.png"; sourceTree = "<group>"; fileEncoding = undefined; lastKnownFileType = unknown; explicitFileType = undefined; includeInIndex = 0; };
		869191B851FB4E6E97E08FA1 /* black_coffee_pic_2_portrait.png */ = {isa = PBXFileReference; name = "black_coffee_pic_2_portrait.png"; path = "../src/assets/coffee_assets/black_coffee/portrait/black_coffee_pic_2_portrait.png"; sourceTree = "<group>"; fileEncoding = undefined; lastKnownFileType = unknown; explicitFileType = undefined; includeInIndex = 0; };
		8243DD9C52AD4B9F9A5E0942 /* black_coffee_pic_3_portrait.png */ = {isa = PBXFileReference; name = "black_coffee_pic_3_portrait.png"; path = "../src/assets/coffee_assets/black_coffee/portrait/black_coffee_pic_3_portrait.png"; sourceTree = "<group>"; fileEncoding = undefined; lastKnownFileType = unknown; explicitFileType = undefined; includeInIndex = 0; };
		419A776145DB49A88B0F6760 /* black_coffee_pic_1_square.png */ = {isa = PBXFileReference; name = "black_coffee_pic_1_square.png"; path = "../src/assets/coffee_assets/black_coffee/square/black_coffee_pic_1_square.png"; sourceTree = "<group>"; fileEncoding = undefined; lastKnownFileType = unknown; explicitFileType = undefined; includeInIndex = 0; };
		1C88CCADF45648EC904A34B5 /* black_coffee_pic_2_square.png */ = {isa = PBXFileReference; name = "black_coffee_pic_2_square.png"; path = "../src/assets/coffee_assets/black_coffee/square/black_coffee_pic_2_square.png"; sourceTree = "<group>"; fileEncoding = undefined; lastKnownFileType = unknown; explicitFileType = undefined; includeInIndex = 0; };
		0AF4A12319394B9CBFC219C8 /* black_coffee_pic_3_square.png */ = {isa = PBXFileReference; name = "black_coffee_pic_3_square.png"; path = "../src/assets/coffee_assets/black_coffee/square/black_coffee_pic_3_square.png"; sourceTree = "<group>"; fileEncoding = undefined; lastKnownFileType = unknown; explicitFileType = undefined; includeInIndex = 0; };
		5811715821B848F3B3F1C264 /* cappuccino_pic_1_portrait.png */ = {isa = PBXFileReference; name = "cappuccino_pic_1_portrait.png"; path = "../src/assets/coffee_assets/cappuccino/portrait/cappuccino_pic_1_portrait.png"; sourceTree = "<group>"; fileEncoding = undefined; lastKnownFileType = unknown; explicitFileType = undefined; includeInIndex = 0; };
		95522DB8993642C79F60E0A9 /* cappuccino_pic_2_portrait.png */ = {isa = PBXFileReference; name = "cappuccino_pic_2_portrait.png"; path = "../src/assets/coffee_assets/cappuccino/portrait/cappuccino_pic_2_portrait.png"; sourceTree = "<group>"; fileEncoding = undefined; lastKnownFileType = unknown; explicitFileType = undefined; includeInIndex = 0; };
		135CA3A973E648FDA4C49953 /* cappuccino_pic_3_portrait.png */ = {isa = PBXFileReference; name = "cappuccino_pic_3_portrait.png"; path = "../src/assets/coffee_assets/cappuccino/portrait/cappuccino_pic_3_portrait.png"; sourceTree = "<group>"; fileEncoding = undefined; lastKnownFileType = unknown; explicitFileType = undefined; includeInIndex = 0; };
		8696046413CF4967917767F6 /* cappuccino_pic_1_square.png */ = {isa = PBXFileReference; name = "cappuccino_pic_1_square.png"; path = "../src/assets/coffee_assets/cappuccino/square/cappuccino_pic_1_square.png"; sourceTree = "<group>"; fileEncoding = undefined; lastKnownFileType = unknown; explicitFileType = undefined; includeInIndex = 0; };
		93D65079ABC046DCA291EC48 /* cappuccino_pic_2_square.png */ = {isa = PBXFileReference; name = "cappuccino_pic_2_square.png"; path = "../src/assets/coffee_assets/cappuccino/square/cappuccino_pic_2_square.png"; sourceTree = "<group>"; fileEncoding = undefined; lastKnownFileType = unknown; explicitFileType = undefined; includeInIndex = 0; };
		7DB5A112BBB6443B9542D431 /* cappuccino_pic_3_square.png */ = {isa = PBXFileReference; name = "cappuccino_pic_3_square.png"; path = "../src/assets/coffee_assets/cappuccino/square/cappuccino_pic_3_square.png"; sourceTree = "<group>"; fileEncoding = undefined; lastKnownFileType = unknown; explicitFileType = undefined; includeInIndex = 0; };
		786D83CFB2A8496BAAB168B7 /* espresso_pic_1_portrait.png */ = {isa = PBXFileReference; name = "espresso_pic_1_portrait.png"; path = "../src/assets/coffee_assets/espresso/portrait/espresso_pic_1_portrait.png"; sourceTree = "<group>"; fileEncoding = undefined; lastKnownFileType = unknown; explicitFileType = undefined; includeInIndex = 0; };
		66D9F2F5C60D4E3EB4106E19 /* espresso_pic_2_portrait.png */ = {isa = PBXFileReference; name = "espresso_pic_2_portrait.png"; path = "../src/assets/coffee_assets/espresso/portrait/espresso_pic_2_portrait.png"; sourceTree = "<group>"; fileEncoding = undefined; lastKnownFileType = unknown; explicitFileType = undefined; includeInIndex = 0; };
		FAC53F32C0C44B218E2501BF /* espresso_pic_3_portrait.png */ = {isa = PBXFileReference; name = "espresso_pic_3_portrait.png"; path = "../src/assets/coffee_assets/espresso/portrait/espresso_pic_3_portrait.png"; sourceTree = "<group>"; fileEncoding = undefined; lastKnownFileType = unknown; explicitFileType = undefined; includeInIndex = 0; };
		6C724C482E174FDAA803C107 /* espresso_pic_1_square.png */ = {isa = PBXFileReference; name = "espresso_pic_1_square.png"; path = "../src/assets/coffee_assets/espresso/square/espresso_pic_1_square.png"; sourceTree = "<group>"; fileEncoding = undefined; lastKnownFileType = unknown; explicitFileType = undefined; includeInIndex = 0; };
		130FE187E2C742499BC0D7EC /* espresso_pic_2_square.png */ = {isa = PBXFileReference; name = "espresso_pic_2_square.png"; path = "../src/assets/coffee_assets/espresso/square/espresso_pic_2_square.png"; sourceTree = "<group>"; fileEncoding = undefined; lastKnownFileType = unknown; explicitFileType = undefined; includeInIndex = 0; };
		FDE1763B18004C5EA34A3905 /* espresso_pic_3_square.png */ = {isa = PBXFileReference; name = "espresso_pic_3_square.png"; path = "../src/assets/coffee_assets/espresso/square/espresso_pic_3_square.png"; sourceTree = "<group>"; fileEncoding = undefined; lastKnownFileType = unknown; explicitFileType = undefined; includeInIndex = 0; };
		91CFEC3BD6A643CDA81086C3 /* excelsa_coffee_beans_portrait.png */ = {isa = PBXFileReference; name = "excelsa_coffee_beans_portrait.png"; path = "../src/assets/coffee_assets/excelsa_coffee_beans/excelsa_coffee_beans_portrait.png"; sourceTree = "<group>"; fileEncoding = undefined; lastKnownFileType = unknown; explicitFileType = undefined; includeInIndex = 0; };
		22128917EE4949E2BA5006F9 /* excelsa_coffee_beans_square.png */ = {isa = PBXFileReference; name = "excelsa_coffee_beans_square.png"; path = "../src/assets/coffee_assets/excelsa_coffee_beans/excelsa_coffee_beans_square.png"; sourceTree = "<group>"; fileEncoding = undefined; lastKnownFileType = unknown; explicitFileType = undefined; includeInIndex = 0; };
		44CA594894CF415EAA5FB533 /* latte_pic_1_portrait.png */ = {isa = PBXFileReference; name = "latte_pic_1_portrait.png"; path = "../src/assets/coffee_assets/latte/portrait/latte_pic_1_portrait.png"; sourceTree = "<group>"; fileEncoding = undefined; lastKnownFileType = unknown; explicitFileType = undefined; includeInIndex = 0; };
		B1F523509B9A41F490A8EA7F /* latte_pic_2_portrait.png */ = {isa = PBXFileReference; name = "latte_pic_2_portrait.png"; path = "../src/assets/coffee_assets/latte/portrait/latte_pic_2_portrait.png"; sourceTree = "<group>"; fileEncoding = undefined; lastKnownFileType = unknown; explicitFileType = undefined; includeInIndex = 0; };
		3F5FF8FD32D7468BB5ACCB7F /* latte_pic_3_portrait.png */ = {isa = PBXFileReference; name = "latte_pic_3_portrait.png"; path = "../src/assets/coffee_assets/latte/portrait/latte_pic_3_portrait.png"; sourceTree = "<group>"; fileEncoding = undefined; lastKnownFileType = unknown; explicitFileType = undefined; includeInIndex = 0; };
		B359E49D5D6E4EE59565479F /* latte_pic_1_square.png */ = {isa = PBXFileReference; name = "latte_pic_1_square.png"; path = "../src/assets/coffee_assets/latte/square/latte_pic_1_square.png"; sourceTree = "<group>"; fileEncoding = undefined; lastKnownFileType = unknown; explicitFileType = undefined; includeInIndex = 0; };
		80C9BBE70E1645D2A1E2EEB2 /* latte_pic_2_square.png */ = {isa = PBXFileReference; name = "latte_pic_2_square.png"; path = "../src/assets/coffee_assets/latte/square/latte_pic_2_square.png"; sourceTree = "<group>"; fileEncoding = undefined; lastKnownFileType = unknown; explicitFileType = undefined; includeInIndex = 0; };
		34D32F486B524C98883B55A0 /* latte_pic_3_square.png */ = {isa = PBXFileReference; name = "latte_pic_3_square.png"; path = "../src/assets/coffee_assets/latte/square/latte_pic_3_square.png"; sourceTree = "<group>"; fileEncoding = undefined; lastKnownFileType = unknown; explicitFileType = undefined; includeInIndex = 0; };
		413E024031C740EA97004EF8 /* liberica_coffee_beans_portrait.png */ = {isa = PBXFileReference; name = "liberica_coffee_beans_portrait.png"; path = "../src/assets/coffee_assets/liberica_coffee_beans/liberica_coffee_beans_portrait.png"; sourceTree = "<group>"; fileEncoding = undefined; lastKnownFileType = unknown; explicitFileType = undefined; includeInIndex = 0; };
		EBA5E95050C14E50A8219C88 /* liberica_coffee_beans_square.png */ = {isa = PBXFileReference; name = "liberica_coffee_beans_square.png"; path = "../src/assets/coffee_assets/liberica_coffee_beans/liberica_coffee_beans_square.png"; sourceTree = "<group>"; fileEncoding = undefined; lastKnownFileType = unknown; explicitFileType = undefined; includeInIndex = 0; };
		0A4FE2AB49C4436694D573CB /* macchiato_pic_1_portrait.png */ = {isa = PBXFileReference; name = "macchiato_pic_1_portrait.png"; path = "../src/assets/coffee_assets/macchiato/portrait/macchiato_pic_1_portrait.png"; sourceTree = "<group>"; fileEncoding = undefined; lastKnownFileType = unknown; explicitFileType = undefined; includeInIndex = 0; };
		F0B75E2A744944ECB767009C /* macchiato_pic_2_portrait.png */ = {isa = PBXFileReference; name = "macchiato_pic_2_portrait.png"; path = "../src/assets/coffee_assets/macchiato/portrait/macchiato_pic_2_portrait.png"; sourceTree = "<group>"; fileEncoding = undefined; lastKnownFileType = unknown; explicitFileType = undefined; includeInIndex = 0; };
		6410453B1F3949D2BBB84D83 /* macchiato_pic_3_portrait.png */ = {isa = PBXFileReference; name = "macchiato_pic_3_portrait.png"; path = "../src/assets/coffee_assets/macchiato/portrait/macchiato_pic_3_portrait.png"; sourceTree = "<group>"; fileEncoding = undefined; lastKnownFileType = unknown; explicitFileType = undefined; includeInIndex = 0; };
		8EA1EF0854F74BCBB990C0EF /* macchiato_pic_1_square.png */ = {isa = PBXFileReference; name = "macchiato_pic_1_square.png"; path = "../src/assets/coffee_assets/macchiato/square/macchiato_pic_1_square.png"; sourceTree = "<group>"; fileEncoding = undefined; lastKnownFileType = unknown; explicitFileType = undefined; includeInIndex = 0; };
		95054BB312E44FF0A76F1587 /* macchiato_pic_2_square.png */ = {isa = PBXFileReference; name = "macchiato_pic_2_square.png"; path = "../src/assets/coffee_assets/macchiato/square/macchiato_pic_2_square.png"; sourceTree = "<group>"; fileEncoding = undefined; lastKnownFileType = unknown; explicitFileType = undefined; includeInIndex = 0; };
		3DB9AF88CB3F416FB1FD1B07 /* macchiato_pic_3_square.png */ = {isa = PBXFileReference; name = "macchiato_pic_3_square.png"; path = "../src/assets/coffee_assets/macchiato/square/macchiato_pic_3_square.png"; sourceTree = "<group>"; fileEncoding = undefined; lastKnownFileType = unknown; explicitFileType = undefined; includeInIndex = 0; };
		FBBCAEC0A9F74C6EB0E05FA1 /* robusta_coffee_beans_portrait.png */ = {isa = PBXFileReference; name = "robusta_coffee_beans_portrait.png"; path = "../src/assets/coffee_assets/robusta_coffee_beans/robusta_coffee_beans_portrait.png"; sourceTree = "<group>"; fileEncoding = undefined; lastKnownFileType = unknown; explicitFileType = undefined; includeInIndex = 0; };
		36CBA2A468DA4D298441D0AD /* robusta_coffee_beans_square.png */ = {isa = PBXFileReference; name = "robusta_coffee_beans_square.png"; path = "../src/assets/coffee_assets/robusta_coffee_beans/robusta_coffee_beans_square.png"; sourceTree = "<group>"; fileEncoding = undefined; lastKnownFileType = unknown; explicitFileType = undefined; includeInIndex = 0; };
/* End PBXFileReference section */

/* Begin PBXFrameworksBuildPhase section */
		00E356EB1AD99517003FC87E /* Frameworks */ = {
			isa = PBXFrameworksBuildPhase;
			buildActionMask = 2147483647;
			files = (
				7699B88040F8A987B510C191 /* libPods-coffee-coffeeTests.a in Frameworks */,
			);
			runOnlyForDeploymentPostprocessing = 0;
		};
		13B07F8C1A680F5B00A75B9A /* Frameworks */ = {
			isa = PBXFrameworksBuildPhase;
			buildActionMask = 2147483647;
			files = (
				0C80B921A6F3F58F76C31292 /* libPods-coffee.a in Frameworks */,
			);
			runOnlyForDeploymentPostprocessing = 0;
		};
/* End PBXFrameworksBuildPhase section */

/* Begin PBXGroup section */
		00E356EF1AD99517003FC87E /* coffeeTests */ = {
			isa = PBXGroup;
			children = (
				00E356F21AD99517003FC87E /* coffeeTests.m */,
				00E356F01AD99517003FC87E /* Supporting Files */,
			);
			path = coffeeTests;
			sourceTree = "<group>";
		};
		00E356F01AD99517003FC87E /* Supporting Files */ = {
			isa = PBXGroup;
			children = (
				00E356F11AD99517003FC87E /* Info.plist */,
			);
			name = "Supporting Files";
			sourceTree = "<group>";
		};
		13B07FAE1A68108700A75B9A /* coffee */ = {
			isa = PBXGroup;
			children = (
				13B07FAF1A68108700A75B9A /* AppDelegate.h */,
				13B07FB01A68108700A75B9A /* AppDelegate.mm */,
				13B07FB51A68108700A75B9A /* Images.xcassets */,
				13B07FB61A68108700A75B9A /* Info.plist */,
				81AB9BB72411601600AC10FF /* LaunchScreen.storyboard */,
				13B07FB71A68108700A75B9A /* main.m */,
			);
			name = coffee;
			sourceTree = "<group>";
		};
		2D16E6871FA4F8E400B85C8A /* Frameworks */ = {
			isa = PBXGroup;
			children = (
				ED297162215061F000B7C4FE /* JavaScriptCore.framework */,
				5DCACB8F33CDC322A6C60F78 /* libPods-coffee.a */,
				19F6CBCC0A4E27FBF8BF4A61 /* libPods-coffee-coffeeTests.a */,
			);
			name = Frameworks;
			sourceTree = "<group>";
		};
		832341AE1AAA6A7D00B99B32 /* Libraries */ = {
			isa = PBXGroup;
			children = (
			);
			name = Libraries;
			sourceTree = "<group>";
		};
		83CBB9F61A601CBA00E9B192 = {
			isa = PBXGroup;
			children = (
				13B07FAE1A68108700A75B9A /* coffee */,
				832341AE1AAA6A7D00B99B32 /* Libraries */,
				00E356EF1AD99517003FC87E /* coffeeTests */,
				83CBBA001A601CBA00E9B192 /* Products */,
				2D16E6871FA4F8E400B85C8A /* Frameworks */,
				BBD78D7AC51CEA395F1C20DB /* Pods */,
				36737577669F4047B5A9150A /* Resources */,
			);
			indentWidth = 2;
			sourceTree = "<group>";
			tabWidth = 2;
			usesTabs = 0;
		};
		83CBBA001A601CBA00E9B192 /* Products */ = {
			isa = PBXGroup;
			children = (
				13B07F961A680F5B00A75B9A /* coffee.app */,
				00E356EE1AD99517003FC87E /* coffeeTests.xctest */,
			);
			name = Products;
			sourceTree = "<group>";
		};
		BBD78D7AC51CEA395F1C20DB /* Pods */ = {
			isa = PBXGroup;
			children = (
				3B4392A12AC88292D35C810B /* Pods-coffee.debug.xcconfig */,
				5709B34CF0A7D63546082F79 /* Pods-coffee.release.xcconfig */,
				5B7EB9410499542E8C5724F5 /* Pods-coffee-coffeeTests.debug.xcconfig */,
				89C6BE57DB24E9ADA2F236DE /* Pods-coffee-coffeeTests.release.xcconfig */,
			);
			path = Pods;
			sourceTree = "<group>";
		};
		36737577669F4047B5A9150A /* Resources */ = {
			isa = "PBXGroup";
			children = (
				0D87D39C235A4825B7D5395B /* app_icons.ttf */,
				68FE6B9E2D8C4674846FCC55 /* Poppins-Black.ttf */,
				0CDD66FCB01A45359059F151 /* Poppins-Bold.ttf */,
				63741C330563469C87C6AF9F /* Poppins-ExtraBold.ttf */,
				811E01F271CF4095AAA1150E /* Poppins-ExtraLight.ttf */,
				5FAF8C2506B04425B70707A2 /* Poppins-Light.ttf */,
				2158502977A84B4CA28EDB8D /* Poppins-Medium.ttf */,
				AB8CE4BFA1024B67BA47B84D /* Poppins-Regular.ttf */,
				1AF618F2F9674FF3BB61E1F4 /* Poppins-SemiBold.ttf */,
				1D9C430AA7B3499998684289 /* Poppins-Thin.ttf */,
				1E554FD476E94E7DAD6DD031 /* amazonpay.png */,
				31437C7176E84B7B8CE11F97 /* applepay.png */,
				D4900261EC4840F3A4E4BF76 /* avatar.png */,
				7B1D1567133C4548B24B2328 /* gpay.png */,
				E77AC6F41F11411FABC3275F /* americano_pic_1_portrait.png */,
				67D5B3D626CD4001A4E2363F /* americano_pic_2_portrait.png */,
				9A786E3EFF8142A4952BB96A /* americano_pic_3_portrait.png */,
				CAF73CBB73E541C68ACFABCE /* americano_pic_1_square.png */,
				D3CA0ADDFD14445A9A83D5CA /* americano_pic_2_square.png */,
				6EED6F6A5BCD4BF4A65C967F /* americano_pic_3_square.png */,
				C52D1539A3014CAC8BD1111B /* arabica_coffee_beans_portrait.png */,
				99EDAC4119A646D7A8259059 /* arabica_coffee_beans_square.png */,
				9FF4122A36C04920BEAC1025 /* black_coffee_pic_1_portrait.png */,
				869191B851FB4E6E97E08FA1 /* black_coffee_pic_2_portrait.png */,
				8243DD9C52AD4B9F9A5E0942 /* black_coffee_pic_3_portrait.png */,
				419A776145DB49A88B0F6760 /* black_coffee_pic_1_square.png */,
				1C88CCADF45648EC904A34B5 /* black_coffee_pic_2_square.png */,
				0AF4A12319394B9CBFC219C8 /* black_coffee_pic_3_square.png */,
				5811715821B848F3B3F1C264 /* cappuccino_pic_1_portrait.png */,
				95522DB8993642C79F60E0A9 /* cappuccino_pic_2_portrait.png */,
				135CA3A973E648FDA4C49953 /* cappuccino_pic_3_portrait.png */,
				8696046413CF4967917767F6 /* cappuccino_pic_1_square.png */,
				93D65079ABC046DCA291EC48 /* cappuccino_pic_2_square.png */,
				7DB5A112BBB6443B9542D431 /* cappuccino_pic_3_square.png */,
				786D83CFB2A8496BAAB168B7 /* espresso_pic_1_portrait.png */,
				66D9F2F5C60D4E3EB4106E19 /* espresso_pic_2_portrait.png */,
				FAC53F32C0C44B218E2501BF /* espresso_pic_3_portrait.png */,
				6C724C482E174FDAA803C107 /* espresso_pic_1_square.png */,
				130FE187E2C742499BC0D7EC /* espresso_pic_2_square.png */,
				FDE1763B18004C5EA34A3905 /* espresso_pic_3_square.png */,
				91CFEC3BD6A643CDA81086C3 /* excelsa_coffee_beans_portrait.png */,
				22128917EE4949E2BA5006F9 /* excelsa_coffee_beans_square.png */,
				44CA594894CF415EAA5FB533 /* latte_pic_1_portrait.png */,
				B1F523509B9A41F490A8EA7F /* latte_pic_2_portrait.png */,
				3F5FF8FD32D7468BB5ACCB7F /* latte_pic_3_portrait.png */,
				B359E49D5D6E4EE59565479F /* latte_pic_1_square.png */,
				80C9BBE70E1645D2A1E2EEB2 /* latte_pic_2_square.png */,
				34D32F486B524C98883B55A0 /* latte_pic_3_square.png */,
				413E024031C740EA97004EF8 /* liberica_coffee_beans_portrait.png */,
				EBA5E95050C14E50A8219C88 /* liberica_coffee_beans_square.png */,
				0A4FE2AB49C4436694D573CB /* macchiato_pic_1_portrait.png */,
				F0B75E2A744944ECB767009C /* macchiato_pic_2_portrait.png */,
				6410453B1F3949D2BBB84D83 /* macchiato_pic_3_portrait.png */,
				8EA1EF0854F74BCBB990C0EF /* macchiato_pic_1_square.png */,
				95054BB312E44FF0A76F1587 /* macchiato_pic_2_square.png */,
				3DB9AF88CB3F416FB1FD1B07 /* macchiato_pic_3_square.png */,
				FBBCAEC0A9F74C6EB0E05FA1 /* robusta_coffee_beans_portrait.png */,
				36CBA2A468DA4D298441D0AD /* robusta_coffee_beans_square.png */,
			);
			name = Resources;
			sourceTree = "<group>";
			path = "";
		};
/* End PBXGroup section */

/* Begin PBXNativeTarget section */
		00E356ED1AD99517003FC87E /* coffeeTests */ = {
			isa = PBXNativeTarget;
			buildConfigurationList = 00E357021AD99517003FC87E /* Build configuration list for PBXNativeTarget "coffeeTests" */;
			buildPhases = (
				A55EABD7B0C7F3A422A6CC61 /* [CP] Check Pods Manifest.lock */,
				00E356EA1AD99517003FC87E /* Sources */,
				00E356EB1AD99517003FC87E /* Frameworks */,
				00E356EC1AD99517003FC87E /* Resources */,
				C59DA0FBD6956966B86A3779 /* [CP] Embed Pods Frameworks */,
				F6A41C54EA430FDDC6A6ED99 /* [CP] Copy Pods Resources */,
			);
			buildRules = (
			);
			dependencies = (
				00E356F51AD99517003FC87E /* PBXTargetDependency */,
			);
			name = coffeeTests;
			productName = coffeeTests;
			productReference = 00E356EE1AD99517003FC87E /* coffeeTests.xctest */;
			productType = "com.apple.product-type.bundle.unit-test";
		};
		13B07F861A680F5B00A75B9A /* coffee */ = {
			isa = PBXNativeTarget;
			buildConfigurationList = 13B07F931A680F5B00A75B9A /* Build configuration list for PBXNativeTarget "coffee" */;
			buildPhases = (
				C38B50BA6285516D6DCD4F65 /* [CP] Check Pods Manifest.lock */,
				13B07F871A680F5B00A75B9A /* Sources */,
				13B07F8C1A680F5B00A75B9A /* Frameworks */,
				13B07F8E1A680F5B00A75B9A /* Resources */,
				00DD1BFF1BD5951E006B06BC /* Bundle React Native code and images */,
				00EEFC60759A1932668264C0 /* [CP] Embed Pods Frameworks */,
				E235C05ADACE081382539298 /* [CP] Copy Pods Resources */,
			);
			buildRules = (
			);
			dependencies = (
			);
			name = coffee;
			productName = coffee;
			productReference = 13B07F961A680F5B00A75B9A /* coffee.app */;
			productType = "com.apple.product-type.application";
		};
/* End PBXNativeTarget section */

/* Begin PBXProject section */
		83CBB9F71A601CBA00E9B192 /* Project object */ = {
			isa = PBXProject;
			attributes = {
				LastUpgradeCheck = 1210;
				TargetAttributes = {
					00E356ED1AD99517003FC87E = {
						CreatedOnToolsVersion = 6.2;
						TestTargetID = 13B07F861A680F5B00A75B9A;
					};
					13B07F861A680F5B00A75B9A = {
						LastSwiftMigration = 1120;
					};
				};
			};
			buildConfigurationList = 83CBB9FA1A601CBA00E9B192 /* Build configuration list for PBXProject "coffee" */;
			compatibilityVersion = "Xcode 12.0";
			developmentRegion = en;
			hasScannedForEncodings = 0;
			knownRegions = (
				en,
				Base,
			);
			mainGroup = 83CBB9F61A601CBA00E9B192;
			productRefGroup = 83CBBA001A601CBA00E9B192 /* Products */;
			projectDirPath = "";
			projectRoot = "";
			targets = (
				13B07F861A680F5B00A75B9A /* coffee */,
				00E356ED1AD99517003FC87E /* coffeeTests */,
			);
		};
/* End PBXProject section */

/* Begin PBXResourcesBuildPhase section */
		00E356EC1AD99517003FC87E /* Resources */ = {
			isa = PBXResourcesBuildPhase;
			buildActionMask = 2147483647;
			files = (
			);
			runOnlyForDeploymentPostprocessing = 0;
		};
		13B07F8E1A680F5B00A75B9A /* Resources */ = {
			isa = PBXResourcesBuildPhase;
			buildActionMask = 2147483647;
			files = (
				81AB9BB82411601600AC10FF /* LaunchScreen.storyboard in Resources */,
				13B07FBF1A68108700A75B9A /* Images.xcassets in Resources */,
				E55F9C05E6944AE2ADD264BA /* app_icons.ttf in Resources */,
				5E250F8865924D648BB91499 /* Poppins-Black.ttf in Resources */,
				57134167CE7B4F78980164D3 /* Poppins-Bold.ttf in Resources */,
				7369F53248074404A720DB6B /* Poppins-ExtraBold.ttf in Resources */,
				92AB8A2063894DA78F8CDB5F /* Poppins-ExtraLight.ttf in Resources */,
				84935D2B2E4C4BA9B1EBF8A0 /* Poppins-Light.ttf in Resources */,
				9E50A5B9AE304934A15FF547 /* Poppins-Medium.ttf in Resources */,
				EFFA7C0777D840F598CFA192 /* Poppins-Regular.ttf in Resources */,
				C0B01E747CC5450A82D7A3FB /* Poppins-SemiBold.ttf in Resources */,
				68A58154A0F74F96A2153CB0 /* Poppins-Thin.ttf in Resources */,
				30128FAE20284D7EB2E6C9AF /* amazonpay.png in Resources */,
				C163F1A00C874286940FD940 /* applepay.png in Resources */,
				696A2674FD794C4F858D92F5 /* avatar.png in Resources */,
				A0B42D8339F14B8B93361D05 /* gpay.png in Resources */,
				866C9FDD0E78440890C22599 /* americano_pic_1_portrait.png in Resources */,
				E1F6BC8E252749A79EE55999 /* americano_pic_2_portrait.png in Resources */,
				C46771F608DC4638800AD201 /* americano_pic_3_portrait.png in Resources */,
				1821852A8D0B47229AEB0930 /* americano_pic_1_square.png in Resources */,
				CB789D4888C64192B23F290E /* americano_pic_2_square.png in Resources */,
				AA55256433EB4FF19BD6A4B3 /* americano_pic_3_square.png in Resources */,
				FA234CDD40B54463AB664577 /* arabica_coffee_beans_portrait.png in Resources */,
				0A6E588592E74776B34F494F /* arabica_coffee_beans_square.png in Resources */,
				ABE2D2A2171E41B081775E05 /* black_coffee_pic_1_portrait.png in Resources */,
				05D966195F474E9BB2127646 /* black_coffee_pic_2_portrait.png in Resources */,
				8BE8AA91BA11496B9E449669 /* black_coffee_pic_3_portrait.png in Resources */,
				E1DDE39FA1B84F678355EA81 /* black_coffee_pic_1_square.png in Resources */,
				601F5EF3E593455996FAF3C0 /* black_coffee_pic_2_square.png in Resources */,
				324618EF857649718E475657 /* black_coffee_pic_3_square.png in Resources */,
				8CFF384F12474B778046C76A /* cappuccino_pic_1_portrait.png in Resources */,
				8CED546B74A34D1089FFDE1B /* cappuccino_pic_2_portrait.png in Resources */,
				ADE2699CE9C44A59964DDC4E /* cappuccino_pic_3_portrait.png in Resources */,
				57239E02B76B4AEDBF34DC33 /* cappuccino_pic_1_square.png in Resources */,
				2BE9877ECBCD448FBF832C1D /* cappuccino_pic_2_square.png in Resources */,
				A3360019E6034045AA213B78 /* cappuccino_pic_3_square.png in Resources */,
				C0FEAECAA4EE4686AA0E475F /* espresso_pic_1_portrait.png in Resources */,
				6F5B289203074767956DF4D0 /* espresso_pic_2_portrait.png in Resources */,
				D6D4A06D477C4D68BA150DE1 /* espresso_pic_3_portrait.png in Resources */,
				A5ECC6B3A32741A0AA76558C /* espresso_pic_1_square.png in Resources */,
				5BF31FB96AAE449592F67C0A /* espresso_pic_2_square.png in Resources */,
				FECFA01EA1FF412C8FFC0CCB /* espresso_pic_3_square.png in Resources */,
				19C1AB316F134BAA906AA837 /* excelsa_coffee_beans_portrait.png in Resources */,
				376E5B34D4DF46D7B332A66B /* excelsa_coffee_beans_square.png in Resources */,
				D2822A1C3ACE43D19703E49F /* latte_pic_1_portrait.png in Resources */,
				09903CA0A1D84644BF318E45 /* latte_pic_2_portrait.png in Resources */,
				DF194B3B3F1942849D3CDC38 /* latte_pic_3_portrait.png in Resources */,
				E7500E03E1654EE0990876A6 /* latte_pic_1_square.png in Resources */,
				8B94823F177B4FA894B8E13A /* latte_pic_2_square.png in Resources */,
				52A7B3D7DDD244A2A938DF06 /* latte_pic_3_square.png in Resources */,
				1861685B435143A69C2676DE /* liberica_coffee_beans_portrait.png in Resources */,
				9F4F92F4C6D64ABFBF1FF2D0 /* liberica_coffee_beans_square.png in Resources */,
				C8D3611FE52F415296627429 /* macchiato_pic_1_portrait.png in Resources */,
				73110546E40745139A63F637 /* macchiato_pic_2_portrait.png in Resources */,
				C0DEEF2551584B3FA9694682 /* macchiato_pic_3_portrait.png in Resources */,
				2202114C7DCE4F1ABE9E436E /* macchiato_pic_1_square.png in Resources */,
				472B6863AFA3483E936E2ECC /* macchiato_pic_2_square.png in Resources */,
				FF4EF583642741D681DD9FEF /* macchiato_pic_3_square.png in Resources */,
				6950B5F00E794CFDA3C86236 /* robusta_coffee_beans_portrait.png in Resources */,
				03E0F055E4AB414E86358FC4 /* robusta_coffee_beans_square.png in Resources */,
			);
			runOnlyForDeploymentPostprocessing = 0;
		};
/* End PBXResourcesBuildPhase section */

/* Begin PBXShellScriptBuildPhase section */
		00DD1BFF1BD5951E006B06BC /* Bundle React Native code and images */ = {
			isa = PBXShellScriptBuildPhase;
			buildActionMask = 2147483647;
			files = (
			);
			inputPaths = (
				"$(SRCROOT)/.xcode.env.local",
				"$(SRCROOT)/.xcode.env",
			);
			name = "Bundle React Native code and images";
			outputPaths = (
			);
			runOnlyForDeploymentPostprocessing = 0;
			shellPath = /bin/sh;
			shellScript = "set -e\n\nWITH_ENVIRONMENT=\"../node_modules/react-native/scripts/xcode/with-environment.sh\"\nREACT_NATIVE_XCODE=\"../node_modules/react-native/scripts/react-native-xcode.sh\"\n\n/bin/sh -c \"$WITH_ENVIRONMENT $REACT_NATIVE_XCODE\"\n";
		};
		00EEFC60759A1932668264C0 /* [CP] Embed Pods Frameworks */ = {
			isa = PBXShellScriptBuildPhase;
			buildActionMask = 2147483647;
			files = (
			);
			inputFileListPaths = (
				"${PODS_ROOT}/Target Support Files/Pods-coffee/Pods-coffee-frameworks-${CONFIGURATION}-input-files.xcfilelist",
			);
			name = "[CP] Embed Pods Frameworks";
			outputFileListPaths = (
				"${PODS_ROOT}/Target Support Files/Pods-coffee/Pods-coffee-frameworks-${CONFIGURATION}-output-files.xcfilelist",
			);
			runOnlyForDeploymentPostprocessing = 0;
			shellPath = /bin/sh;
			shellScript = "\"${PODS_ROOT}/Target Support Files/Pods-coffee/Pods-coffee-frameworks.sh\"\n";
			showEnvVarsInLog = 0;
		};
		A55EABD7B0C7F3A422A6CC61 /* [CP] Check Pods Manifest.lock */ = {
			isa = PBXShellScriptBuildPhase;
			buildActionMask = 2147483647;
			files = (
			);
			inputFileListPaths = (
			);
			inputPaths = (
				"${PODS_PODFILE_DIR_PATH}/Podfile.lock",
				"${PODS_ROOT}/Manifest.lock",
			);
			name = "[CP] Check Pods Manifest.lock";
			outputFileListPaths = (
			);
			outputPaths = (
				"$(DERIVED_FILE_DIR)/Pods-coffee-coffeeTests-checkManifestLockResult.txt",
			);
			runOnlyForDeploymentPostprocessing = 0;
			shellPath = /bin/sh;
			shellScript = "diff \"${PODS_PODFILE_DIR_PATH}/Podfile.lock\" \"${PODS_ROOT}/Manifest.lock\" > /dev/null\nif [ $? != 0 ] ; then\n    # print error to STDERR\n    echo \"error: The sandbox is not in sync with the Podfile.lock. Run 'pod install' or update your CocoaPods installation.\" >&2\n    exit 1\nfi\n# This output is used by Xcode 'outputs' to avoid re-running this script phase.\necho \"SUCCESS\" > \"${SCRIPT_OUTPUT_FILE_0}\"\n";
			showEnvVarsInLog = 0;
		};
		C38B50BA6285516D6DCD4F65 /* [CP] Check Pods Manifest.lock */ = {
			isa = PBXShellScriptBuildPhase;
			buildActionMask = 2147483647;
			files = (
			);
			inputFileListPaths = (
			);
			inputPaths = (
				"${PODS_PODFILE_DIR_PATH}/Podfile.lock",
				"${PODS_ROOT}/Manifest.lock",
			);
			name = "[CP] Check Pods Manifest.lock";
			outputFileListPaths = (
			);
			outputPaths = (
				"$(DERIVED_FILE_DIR)/Pods-coffee-checkManifestLockResult.txt",
			);
			runOnlyForDeploymentPostprocessing = 0;
			shellPath = /bin/sh;
			shellScript = "diff \"${PODS_PODFILE_DIR_PATH}/Podfile.lock\" \"${PODS_ROOT}/Manifest.lock\" > /dev/null\nif [ $? != 0 ] ; then\n    # print error to STDERR\n    echo \"error: The sandbox is not in sync with the Podfile.lock. Run 'pod install' or update your CocoaPods installation.\" >&2\n    exit 1\nfi\n# This output is used by Xcode 'outputs' to avoid re-running this script phase.\necho \"SUCCESS\" > \"${SCRIPT_OUTPUT_FILE_0}\"\n";
			showEnvVarsInLog = 0;
		};
		C59DA0FBD6956966B86A3779 /* [CP] Embed Pods Frameworks */ = {
			isa = PBXShellScriptBuildPhase;
			buildActionMask = 2147483647;
			files = (
			);
			inputFileListPaths = (
				"${PODS_ROOT}/Target Support Files/Pods-coffee-coffeeTests/Pods-coffee-coffeeTests-frameworks-${CONFIGURATION}-input-files.xcfilelist",
			);
			name = "[CP] Embed Pods Frameworks";
			outputFileListPaths = (
				"${PODS_ROOT}/Target Support Files/Pods-coffee-coffeeTests/Pods-coffee-coffeeTests-frameworks-${CONFIGURATION}-output-files.xcfilelist",
			);
			runOnlyForDeploymentPostprocessing = 0;
			shellPath = /bin/sh;
			shellScript = "\"${PODS_ROOT}/Target Support Files/Pods-coffee-coffeeTests/Pods-coffee-coffeeTests-frameworks.sh\"\n";
			showEnvVarsInLog = 0;
		};
		E235C05ADACE081382539298 /* [CP] Copy Pods Resources */ = {
			isa = PBXShellScriptBuildPhase;
			buildActionMask = 2147483647;
			files = (
			);
			inputFileListPaths = (
				"${PODS_ROOT}/Target Support Files/Pods-coffee/Pods-coffee-resources-${CONFIGURATION}-input-files.xcfilelist",
			);
			name = "[CP] Copy Pods Resources";
			outputFileListPaths = (
				"${PODS_ROOT}/Target Support Files/Pods-coffee/Pods-coffee-resources-${CONFIGURATION}-output-files.xcfilelist",
			);
			runOnlyForDeploymentPostprocessing = 0;
			shellPath = /bin/sh;
			shellScript = "\"${PODS_ROOT}/Target Support Files/Pods-coffee/Pods-coffee-resources.sh\"\n";
			showEnvVarsInLog = 0;
		};
		F6A41C54EA430FDDC6A6ED99 /* [CP] Copy Pods Resources */ = {
			isa = PBXShellScriptBuildPhase;
			buildActionMask = 2147483647;
			files = (
			);
			inputFileListPaths = (
				"${PODS_ROOT}/Target Support Files/Pods-coffee-coffeeTests/Pods-coffee-coffeeTests-resources-${CONFIGURATION}-input-files.xcfilelist",
			);
			name = "[CP] Copy Pods Resources";
			outputFileListPaths = (
				"${PODS_ROOT}/Target Support Files/Pods-coffee-coffeeTests/Pods-coffee-coffeeTests-resources-${CONFIGURATION}-output-files.xcfilelist",
			);
			runOnlyForDeploymentPostprocessing = 0;
			shellPath = /bin/sh;
			shellScript = "\"${PODS_ROOT}/Target Support Files/Pods-coffee-coffeeTests/Pods-coffee-coffeeTests-resources.sh\"\n";
			showEnvVarsInLog = 0;
		};
/* End PBXShellScriptBuildPhase section */

/* Begin PBXSourcesBuildPhase section */
		00E356EA1AD99517003FC87E /* Sources */ = {
			isa = PBXSourcesBuildPhase;
			buildActionMask = 2147483647;
			files = (
				00E356F31AD99517003FC87E /* coffeeTests.m in Sources */,
			);
			runOnlyForDeploymentPostprocessing = 0;
		};
		13B07F871A680F5B00A75B9A /* Sources */ = {
			isa = PBXSourcesBuildPhase;
			buildActionMask = 2147483647;
			files = (
				13B07FBC1A68108700A75B9A /* AppDelegate.mm in Sources */,
				13B07FC11A68108700A75B9A /* main.m in Sources */,
			);
			runOnlyForDeploymentPostprocessing = 0;
		};
/* End PBXSourcesBuildPhase section */

/* Begin PBXTargetDependency section */
		00E356F51AD99517003FC87E /* PBXTargetDependency */ = {
			isa = PBXTargetDependency;
			target = 13B07F861A680F5B00A75B9A /* coffee */;
			targetProxy = 00E356F41AD99517003FC87E /* PBXContainerItemProxy */;
		};
/* End PBXTargetDependency section */

/* Begin XCBuildConfiguration section */
		00E356F61AD99517003FC87E /* Debug */ = {
			isa = XCBuildConfiguration;
			baseConfigurationReference = 5B7EB9410499542E8C5724F5 /* Pods-coffee-coffeeTests.debug.xcconfig */;
			buildSettings = {
				BUNDLE_LOADER = "$(TEST_HOST)";
				GCC_PREPROCESSOR_DEFINITIONS = (
					"DEBUG=1",
					"$(inherited)",
				);
				INFOPLIST_FILE = coffeeTests/Info.plist;
				IPHONEOS_DEPLOYMENT_TARGET = 13.4;
				LD_RUNPATH_SEARCH_PATHS = (
					"$(inherited)",
					"@executable_path/Frameworks",
					"@loader_path/Frameworks",
				);
				OTHER_LDFLAGS = (
					"-ObjC",
					"-lc++",
					"$(inherited)",
				);
				PRODUCT_BUNDLE_IDENTIFIER = "org.reactjs.native.example.$(PRODUCT_NAME:rfc1034identifier)";
				PRODUCT_NAME = "$(TARGET_NAME)";
				TEST_HOST = "$(BUILT_PRODUCTS_DIR)/coffee.app/coffee";
			};
			name = Debug;
		};
		00E356F71AD99517003FC87E /* Release */ = {
			isa = XCBuildConfiguration;
			baseConfigurationReference = 89C6BE57DB24E9ADA2F236DE /* Pods-coffee-coffeeTests.release.xcconfig */;
			buildSettings = {
				BUNDLE_LOADER = "$(TEST_HOST)";
				COPY_PHASE_STRIP = NO;
				INFOPLIST_FILE = coffeeTests/Info.plist;
				IPHONEOS_DEPLOYMENT_TARGET = 13.4;
				LD_RUNPATH_SEARCH_PATHS = (
					"$(inherited)",
					"@executable_path/Frameworks",
					"@loader_path/Frameworks",
				);
				OTHER_LDFLAGS = (
					"-ObjC",
					"-lc++",
					"$(inherited)",
				);
				PRODUCT_BUNDLE_IDENTIFIER = "org.reactjs.native.example.$(PRODUCT_NAME:rfc1034identifier)";
				PRODUCT_NAME = "$(TARGET_NAME)";
				TEST_HOST = "$(BUILT_PRODUCTS_DIR)/coffee.app/coffee";
			};
			name = Release;
		};
		13B07F941A680F5B00A75B9A /* Debug */ = {
			isa = XCBuildConfiguration;
			baseConfigurationReference = 3B4392A12AC88292D35C810B /* Pods-coffee.debug.xcconfig */;
			buildSettings = {
				ASSETCATALOG_COMPILER_APPICON_NAME = AppIcon;
				CLANG_ENABLE_MODULES = YES;
				CURRENT_PROJECT_VERSION = 1;
				ENABLE_BITCODE = NO;
				INFOPLIST_FILE = coffee/Info.plist;
				LD_RUNPATH_SEARCH_PATHS = (
					"$(inherited)",
					"@executable_path/Frameworks",
				);
				MARKETING_VERSION = 1.0;
				OTHER_LDFLAGS = (
					"$(inherited)",
					"-ObjC",
					"-lc++",
				);
				PRODUCT_BUNDLE_IDENTIFIER = "org.reactjs.native.example.$(PRODUCT_NAME:rfc1034identifier)";
				PRODUCT_NAME = coffee;
				SWIFT_OPTIMIZATION_LEVEL = "-Onone";
				SWIFT_VERSION = 5.0;
				VERSIONING_SYSTEM = "apple-generic";
			};
			name = Debug;
		};
		13B07F951A680F5B00A75B9A /* Release */ = {
			isa = XCBuildConfiguration;
			baseConfigurationReference = 5709B34CF0A7D63546082F79 /* Pods-coffee.release.xcconfig */;
			buildSettings = {
				ASSETCATALOG_COMPILER_APPICON_NAME = AppIcon;
				CLANG_ENABLE_MODULES = YES;
				CURRENT_PROJECT_VERSION = 1;
				INFOPLIST_FILE = coffee/Info.plist;
				LD_RUNPATH_SEARCH_PATHS = (
					"$(inherited)",
					"@executable_path/Frameworks",
				);
				MARKETING_VERSION = 1.0;
				OTHER_LDFLAGS = (
					"$(inherited)",
					"-ObjC",
					"-lc++",
				);
				PRODUCT_BUNDLE_IDENTIFIER = "org.reactjs.native.example.$(PRODUCT_NAME:rfc1034identifier)";
				PRODUCT_NAME = coffee;
				SWIFT_VERSION = 5.0;
				VERSIONING_SYSTEM = "apple-generic";
			};
			name = Release;
		};
		83CBBA201A601CBA00E9B192 /* Debug */ = {
			isa = XCBuildConfiguration;
			buildSettings = {
				ALWAYS_SEARCH_USER_PATHS = NO;
				CLANG_ANALYZER_LOCALIZABILITY_NONLOCALIZED = YES;
				CLANG_CXX_LANGUAGE_STANDARD = "c++20";
				CLANG_CXX_LIBRARY = "libc++";
				CLANG_ENABLE_MODULES = YES;
				CLANG_ENABLE_OBJC_ARC = YES;
				CLANG_WARN_BLOCK_CAPTURE_AUTORELEASING = YES;
				CLANG_WARN_BOOL_CONVERSION = YES;
				CLANG_WARN_COMMA = YES;
				CLANG_WARN_CONSTANT_CONVERSION = YES;
				CLANG_WARN_DEPRECATED_OBJC_IMPLEMENTATIONS = YES;
				CLANG_WARN_DIRECT_OBJC_ISA_USAGE = YES_ERROR;
				CLANG_WARN_EMPTY_BODY = YES;
				CLANG_WARN_ENUM_CONVERSION = YES;
				CLANG_WARN_INFINITE_RECURSION = YES;
				CLANG_WARN_INT_CONVERSION = YES;
				CLANG_WARN_NON_LITERAL_NULL_CONVERSION = YES;
				CLANG_WARN_OBJC_IMPLICIT_RETAIN_SELF = YES;
				CLANG_WARN_OBJC_LITERAL_CONVERSION = YES;
				CLANG_WARN_OBJC_ROOT_CLASS = YES_ERROR;
				CLANG_WARN_QUOTED_INCLUDE_IN_FRAMEWORK_HEADER = YES;
				CLANG_WARN_RANGE_LOOP_ANALYSIS = YES;
				CLANG_WARN_STRICT_PROTOTYPES = YES;
				CLANG_WARN_SUSPICIOUS_MOVE = YES;
				CLANG_WARN_UNREACHABLE_CODE = YES;
				CLANG_WARN__DUPLICATE_METHOD_MATCH = YES;
				"CODE_SIGN_IDENTITY[sdk=iphoneos*]" = "iPhone Developer";
				COPY_PHASE_STRIP = NO;
				ENABLE_STRICT_OBJC_MSGSEND = YES;
				ENABLE_TESTABILITY = YES;
				"EXCLUDED_ARCHS[sdk=iphonesimulator*]" = "";
				GCC_C_LANGUAGE_STANDARD = gnu99;
				GCC_DYNAMIC_NO_PIC = NO;
				GCC_NO_COMMON_BLOCKS = YES;
				GCC_OPTIMIZATION_LEVEL = 0;
				GCC_PREPROCESSOR_DEFINITIONS = (
					"DEBUG=1",
					"$(inherited)",
				);
				GCC_SYMBOLS_PRIVATE_EXTERN = NO;
				GCC_WARN_64_TO_32_BIT_CONVERSION = YES;
				GCC_WARN_ABOUT_RETURN_TYPE = YES_ERROR;
				GCC_WARN_UNDECLARED_SELECTOR = YES;
				GCC_WARN_UNINITIALIZED_AUTOS = YES_AGGRESSIVE;
				GCC_WARN_UNUSED_FUNCTION = YES;
				GCC_WARN_UNUSED_VARIABLE = YES;
				IPHONEOS_DEPLOYMENT_TARGET = 13.4;
				LD_RUNPATH_SEARCH_PATHS = (
					/usr/lib/swift,
					"$(inherited)",
				);
				LIBRARY_SEARCH_PATHS = (
					"\"$(SDKROOT)/usr/lib/swift\"",
					"\"$(TOOLCHAIN_DIR)/usr/lib/swift/$(PLATFORM_NAME)\"",
					"\"$(inherited)\"",
				);
				MTL_ENABLE_DEBUG_INFO = YES;
				ONLY_ACTIVE_ARCH = YES;
				OTHER_CPLUSPLUSFLAGS = (
					"$(OTHER_CFLAGS)",
					"-DFOLLY_NO_CONFIG",
					"-DFOLLY_MOBILE=1",
					"-DFOLLY_USE_LIBCPP=1",
					"-DFOLLY_CFG_NO_COROUTINES=1",
				);
				SDKROOT = iphoneos;
			};
			name = Debug;
		};
		83CBBA211A601CBA00E9B192 /* Release */ = {
			isa = XCBuildConfiguration;
			buildSettings = {
				ALWAYS_SEARCH_USER_PATHS = NO;
				CLANG_ANALYZER_LOCALIZABILITY_NONLOCALIZED = YES;
				CLANG_CXX_LANGUAGE_STANDARD = "c++20";
				CLANG_CXX_LIBRARY = "libc++";
				CLANG_ENABLE_MODULES = YES;
				CLANG_ENABLE_OBJC_ARC = YES;
				CLANG_WARN_BLOCK_CAPTURE_AUTORELEASING = YES;
				CLANG_WARN_BOOL_CONVERSION = YES;
				CLANG_WARN_COMMA = YES;
				CLANG_WARN_CONSTANT_CONVERSION = YES;
				CLANG_WARN_DEPRECATED_OBJC_IMPLEMENTATIONS = YES;
				CLANG_WARN_DIRECT_OBJC_ISA_USAGE = YES_ERROR;
				CLANG_WARN_EMPTY_BODY = YES;
				CLANG_WARN_ENUM_CONVERSION = YES;
				CLANG_WARN_INFINITE_RECURSION = YES;
				CLANG_WARN_INT_CONVERSION = YES;
				CLANG_WARN_NON_LITERAL_NULL_CONVERSION = YES;
				CLANG_WARN_OBJC_IMPLICIT_RETAIN_SELF = YES;
				CLANG_WARN_OBJC_LITERAL_CONVERSION = YES;
				CLANG_WARN_OBJC_ROOT_CLASS = YES_ERROR;
				CLANG_WARN_QUOTED_INCLUDE_IN_FRAMEWORK_HEADER = YES;
				CLANG_WARN_RANGE_LOOP_ANALYSIS = YES;
				CLANG_WARN_STRICT_PROTOTYPES = YES;
				CLANG_WARN_SUSPICIOUS_MOVE = YES;
				CLANG_WARN_UNREACHABLE_CODE = YES;
				CLANG_WARN__DUPLICATE_METHOD_MATCH = YES;
				"CODE_SIGN_IDENTITY[sdk=iphoneos*]" = "iPhone Developer";
				COPY_PHASE_STRIP = YES;
				ENABLE_NS_ASSERTIONS = NO;
				ENABLE_STRICT_OBJC_MSGSEND = YES;
				"EXCLUDED_ARCHS[sdk=iphonesimulator*]" = "";
				GCC_C_LANGUAGE_STANDARD = gnu99;
				GCC_NO_COMMON_BLOCKS = YES;
				GCC_WARN_64_TO_32_BIT_CONVERSION = YES;
				GCC_WARN_ABOUT_RETURN_TYPE = YES_ERROR;
				GCC_WARN_UNDECLARED_SELECTOR = YES;
				GCC_WARN_UNINITIALIZED_AUTOS = YES_AGGRESSIVE;
				GCC_WARN_UNUSED_FUNCTION = YES;
				GCC_WARN_UNUSED_VARIABLE = YES;
				IPHONEOS_DEPLOYMENT_TARGET = 13.4;
				LD_RUNPATH_SEARCH_PATHS = (
					/usr/lib/swift,
					"$(inherited)",
				);
				LIBRARY_SEARCH_PATHS = (
					"\"$(SDKROOT)/usr/lib/swift\"",
					"\"$(TOOLCHAIN_DIR)/usr/lib/swift/$(PLATFORM_NAME)\"",
					"\"$(inherited)\"",
				);
				MTL_ENABLE_DEBUG_INFO = NO;
				OTHER_CPLUSPLUSFLAGS = (
					"$(OTHER_CFLAGS)",
					"-DFOLLY_NO_CONFIG",
					"-DFOLLY_MOBILE=1",
					"-DFOLLY_USE_LIBCPP=1",
					"-DFOLLY_CFG_NO_COROUTINES=1",
				);
				SDKROOT = iphoneos;
				VALIDATE_PRODUCT = YES;
			};
			name = Release;
		};
/* End XCBuildConfiguration section */

/* Begin XCConfigurationList section */
		00E357021AD99517003FC87E /* Build configuration list for PBXNativeTarget "coffeeTests" */ = {
			isa = XCConfigurationList;
			buildConfigurations = (
				00E356F61AD99517003FC87E /* Debug */,
				00E356F71AD99517003FC87E /* Release */,
			);
			defaultConfigurationIsVisible = 0;
			defaultConfigurationName = Release;
		};
		13B07F931A680F5B00A75B9A /* Build configuration list for PBXNativeTarget "coffee" */ = {
			isa = XCConfigurationList;
			buildConfigurations = (
				13B07F941A680F5B00A75B9A /* Debug */,
				13B07F951A680F5B00A75B9A /* Release */,
			);
			defaultConfigurationIsVisible = 0;
			defaultConfigurationName = Release;
		};
		83CBB9FA1A601CBA00E9B192 /* Build configuration list for PBXProject "coffee" */ = {
			isa = XCConfigurationList;
			buildConfigurations = (
				83CBBA201A601CBA00E9B192 /* Debug */,
				83CBBA211A601CBA00E9B192 /* Release */,
			);
			defaultConfigurationIsVisible = 0;
			defaultConfigurationName = Release;
		};
/* End XCConfigurationList section */
	};
	rootObject = 83CBB9F71A601CBA00E9B192 /* Project object */;
}
